
Microsoft Visual Studio Solution File, Format Version 12.00
# Visual Studio 14
VisualStudioVersion = 14.0.25420.1
MinimumVisualStudioVersion = 10.0.40219.1
Project("{2150E333-8FDC-42A3-9474-1A3956D46DE8}") = "01. Nuget", "01. Nuget", "{AA6AE6A0-86DE-4851-8518-04996546275D}"
EndProject
Project("{2150E333-8FDC-42A3-9474-1A3956D46DE8}") = "02. Data Providers", "02. Data Providers", "{0ADA29AF-67FD-471B-A9F5-7695BEF738B3}"
EndProject
Project("{2150E333-8FDC-42A3-9474-1A3956D46DE8}") = "03. Data Repository", "03. Data Repository", "{08ACB390-9E7C-4B5A-9C3C-3A82C9BE2468}"
EndProject
Project("{2150E333-8FDC-42A3-9474-1A3956D46DE8}") = "04. Core", "04. Core", "{798AC846-3F4C-4A2C-87BC-5D911038BF52}"
EndProject
Global
	GlobalSection(SolutionProperties) = preSolution
		HideSolutionNode = FALSE
	EndGlobalSection
EndGlobal
